Microsoft Visual Studio Solution File, Format Version 12.00
# Visual Studio 2012
Project("{FAE04EC0-301F-11D3-BF4B-00C04F79EFBC}") = "InvasiveSpeciesAustralia", "InvasiveSpeciesAustralia.csproj", "{B91A7B2E-9E48-49C6-B663-4C6B684BAFBA}"
EndProject
Global
	GlobalSection(SolutionConfigurationPlatforms) = preSolution
	Debug|Any CPU = Debug|Any CPU
	ExportDebug|Any CPU = ExportDebug|Any CPU
	ExportRelease|Any CPU = ExportRelease|Any CPU
	EndGlobalSection
	GlobalSection(ProjectConfigurationPlatforms) = postSolution
		{B91A7B2E-9E48-49C6-B663-4C6B684BAFBA}.Debug|Any CPU.ActiveCfg = Debug|Any CPU
		{B91A7B2E-9E48-49C6-B663-4C6B684BAFBA}.Debug|Any CPU.Build.0 = Debug|Any CPU
		{B91A7B2E-9E48-49C6-B663-4C6B684BAFBA}.ExportDebug|Any CPU.ActiveCfg = ExportDebug|Any CPU
		{B91A7B2E-9E48-49C6-B663-4C6B684BAFBA}.ExportDebug|Any CPU.Build.0 = ExportDebug|Any CPU
		{B91A7B2E-9E48-49C6-B663-4C6B684BAFBA}.ExportRelease|Any CPU.ActiveCfg = ExportRelease|Any CPU
		{B91A7B2E-9E48-49C6-B663-4C6B684BAFBA}.ExportRelease|Any CPU.Build.0 = ExportRelease|Any CPU
	EndGlobalSection
EndGlobal
